
Microsoft Visual Studio Solution File, Format Version 12.00
# Visual Studio Version 17
VisualStudioVersion = 17.9.34728.123
MinimumVisualStudioVersion = 10.0.40219.1
Project("{FAE04EC0-301F-11D3-BF4B-00C04F79EFBC}") = "FileEncryptor", "FileEncryptor\FileEncryptor.csproj", "{6121A79B-F3DE-4802-9089-550B0E355E70}"
EndProject
Global
	GlobalSection(SolutionConfigurationPlatforms) = preSolution
		Debug|Any CPU = Debug|Any CPU
		Release|Any CPU = Release|Any CPU
	EndGlobalSection
	GlobalSection(ProjectConfigurationPlatforms) = postSolution
		{6121A79B-F3DE-4802-9089-550B0E355E70}.Debug|Any CPU.ActiveCfg = Debug|Any CPU
		{6121A79B-F3DE-4802-9089-550B0E355E70}.Debug|Any CPU.Build.0 = Debug|Any CPU
		{6121A79B-F3DE-4802-9089-550B0E355E70}.Release|Any CPU.ActiveCfg = Release|Any CPU
		{6121A79B-F3DE-4802-9089-550B0E355E70}.Release|Any CPU.Build.0 = Release|Any CPU
	EndGlobalSection
	GlobalSection(SolutionProperties) = preSolution
		HideSolutionNode = FALSE
	EndGlobalSection
	GlobalSection(ExtensibilityGlobals) = postSolution
		SolutionGuid = {A0B2FE27-F20D-43F0-B1CA-B96FE94D9521}
	EndGlobalSection
EndGlobal
